
Microsoft Visual Studio Solution File, Format Version 12.00
# Visual Studio Version 17
VisualStudioVersion = 17.8.34330.188
MinimumVisualStudioVersion = 10.0.40219.1
Project("{FAE04EC0-301F-11D3-BF4B-00C04F79EFBC}") = "SQL_Student", "SQL_Student\SQL_Student.csproj", "{57D44DD0-44A3-4839-9BAF-4D3A94E572D4}"
EndProject
Global
	GlobalSection(SolutionConfigurationPlatforms) = preSolution
		Debug|Any CPU = Debug|Any CPU
		Release|Any CPU = Release|Any CPU
	EndGlobalSection
	GlobalSection(ProjectConfigurationPlatforms) = postSolution
		{57D44DD0-44A3-4839-9BAF-4D3A94E572D4}.Debug|Any CPU.ActiveCfg = Debug|Any CPU
		{57D44DD0-44A3-4839-9BAF-4D3A94E572D4}.Debug|Any CPU.Build.0 = Debug|Any CPU
		{57D44DD0-44A3-4839-9BAF-4D3A94E572D4}.Release|Any CPU.ActiveCfg = Release|Any CPU
		{57D44DD0-44A3-4839-9BAF-4D3A94E572D4}.Release|Any CPU.Build.0 = Release|Any CPU
	EndGlobalSection
	GlobalSection(SolutionProperties) = preSolution
		HideSolutionNode = FALSE
	EndGlobalSection
	GlobalSection(ExtensibilityGlobals) = postSolution
		SolutionGuid = {B9B396BE-453B-4C0E-B638-EB496BF47D20}
	EndGlobalSection
EndGlobal
